
Microsoft Visual Studio Solution File, Format Version 12.00
# Visual Studio Version 17
VisualStudioVersion = 17.0.31903.59
MinimumVisualStudioVersion = 10.0.40219.1
Project("{2150E333-8FDC-42A3-9474-1A3956D46DE8}") = "Source", "Source", "{7A91191A-6A1F-498A-B50B-E2F88E3D011E}"
EndProject
Project("{2150E333-8FDC-42A3-9474-1A3956D46DE8}") = "Services", "Services", "{70903654-8E34-4F7B-BEA6-557745B8B46B}"
EndProject
Project("{2150E333-8FDC-42A3-9474-1A3956D46DE8}") = "Basket", "Basket", "{CD2FEB68-B5F2-4E80-9E98-9D2CC3893FC3}"
EndProject
Project("{FAE04EC0-301F-11D3-BF4B-00C04F79EFBC}") = "Application", "Source\Services\Basket\Application\Application.csproj", "{3B4F0FF6-DE8E-498A-9C04-4E71B1C0671E}"
EndProject
Project("{FAE04EC0-301F-11D3-BF4B-00C04F79EFBC}") = "FunctionalTests", "Source\Services\Basket\FunctionalTests\FunctionalTests.csproj", "{BCA0283A-81DF-4E46-8F7D-2DDE8B07C211}"
EndProject
Project("{FAE04EC0-301F-11D3-BF4B-00C04F79EFBC}") = "UnitTests", "Source\Services\Basket\UnitTests\UnitTests.csproj", "{FD696BF0-4D9A-40A6-8FEA-E65583341521}"
EndProject
Project("{2150E333-8FDC-42A3-9474-1A3956D46DE8}") = "Catalog", "Catalog", "{9587B050-61E5-4C3C-B594-C9772FA7B446}"
EndProject
Project("{FAE04EC0-301F-11D3-BF4B-00C04F79EFBC}") = "Application", "Source\Services\Catalog\Application\Application.csproj", "{156FD0A3-F1BD-457F-ABEA-C74659466200}"
EndProject
Project("{FAE04EC0-301F-11D3-BF4B-00C04F79EFBC}") = "FunctionalTests", "Source\Services\Catalog\FunctionalTests\FunctionalTests.csproj", "{FED2E3B6-F278-4680-8820-E5CA31350EF0}"
EndProject
Project("{FAE04EC0-301F-11D3-BF4B-00C04F79EFBC}") = "UnitTests", "Source\Services\Catalog\UnitTests\UnitTests.csproj", "{F0058E76-8AA5-4EA5-8B9D-525B1800CD4D}"
EndProject
Project("{2150E333-8FDC-42A3-9474-1A3956D46DE8}") = "Identity", "Identity", "{18EA5C50-1892-445C-B63B-D48BC23C849B}"
EndProject
Project("{FAE04EC0-301F-11D3-BF4B-00C04F79EFBC}") = "Identity.Application", "Source\Services\Identity\Application\Application.csproj", "{6E925F73-CE7B-4A80-B394-0E07668D1CE5}"
EndProject
Project("{2150E333-8FDC-42A3-9474-1A3956D46DE8}") = "Ordering", "Ordering", "{897C3938-5192-4B8F-A63E-8D7895A524E6}"
EndProject
Project("{FAE04EC0-301F-11D3-BF4B-00C04F79EFBC}") = "Application", "Source\Services\Ordering\Application\Application.csproj", "{CEE3A88C-BE50-434A-84C2-6974CA8C298A}"
EndProject
Project("{FAE04EC0-301F-11D3-BF4B-00C04F79EFBC}") = "BackgroundTasks", "Source\Services\Ordering\BackgroundTasks\BackgroundTasks.csproj", "{A25627CD-02D0-4422-B5B3-BAA780225223}"
EndProject
Project("{FAE04EC0-301F-11D3-BF4B-00C04F79EFBC}") = "Domain", "Source\Services\Ordering\Domain\Domain.csproj", "{F4E0633F-0058-4B1D-9F43-DCB38C2168CA}"
EndProject
Project("{FAE04EC0-301F-11D3-BF4B-00C04F79EFBC}") = "FunctionalTests", "Source\Services\Ordering\FunctionalTests\FunctionalTests.csproj", "{0E8614AC-A523-48F7-AAE6-6447817F771E}"
EndProject
Project("{FAE04EC0-301F-11D3-BF4B-00C04F79EFBC}") = "Infrastructure", "Source\Services\Ordering\Infrastructure\Infrastructure.csproj", "{529F90CD-B745-4E2C-B3F5-B8C593CE95A4}"
EndProject
Project("{FAE04EC0-301F-11D3-BF4B-00C04F79EFBC}") = "SignalRHub", "Source\Services\Ordering\SignalRHub\SignalRHub.csproj", "{7C4DBB08-15B3-4BFD-B691-2C7E3DCDD080}"
EndProject
Project("{FAE04EC0-301F-11D3-BF4B-00C04F79EFBC}") = "UnitTests", "Source\Services\Ordering\UnitTests\UnitTests.csproj", "{0629A2C4-E6AD-4487-9496-903899D5F20E}"
EndProject
Project("{2150E333-8FDC-42A3-9474-1A3956D46DE8}") = "Payment", "Payment", "{B3683AEA-6D0B-4C25-B12F-1D598AB3E60D}"
EndProject
Project("{FAE04EC0-301F-11D3-BF4B-00C04F79EFBC}") = "Application", "Source\Services\Payment\Application\Application.csproj", "{588580C2-E506-4356-92F8-F99C8E120E0A}"
EndProject
Project("{2150E333-8FDC-42A3-9474-1A3956D46DE8}") = "Webhooks", "Webhooks", "{7E013A49-E42B-4D14-BED1-5156C9542071}"
EndProject
Project("{FAE04EC0-301F-11D3-BF4B-00C04F79EFBC}") = "Application", "Source\Services\Webhooks\Application\Application.csproj", "{42D33785-CF97-4DBC-9E12-3E9C819741FD}"
EndProject
Global
	GlobalSection(SolutionConfigurationPlatforms) = preSolution
		Debug|Any CPU = Debug|Any CPU
		Release|Any CPU = Release|Any CPU
	EndGlobalSection
	GlobalSection(SolutionProperties) = preSolution
		HideSolutionNode = FALSE
	EndGlobalSection
	GlobalSection(ProjectConfigurationPlatforms) = postSolution
		{3B4F0FF6-DE8E-498A-9C04-4E71B1C0671E}.Debug|Any CPU.ActiveCfg = Debug|Any CPU
		{3B4F0FF6-DE8E-498A-9C04-4E71B1C0671E}.Debug|Any CPU.Build.0 = Debug|Any CPU
		{3B4F0FF6-DE8E-498A-9C04-4E71B1C0671E}.Release|Any CPU.ActiveCfg = Release|Any CPU
		{3B4F0FF6-DE8E-498A-9C04-4E71B1C0671E}.Release|Any CPU.Build.0 = Release|Any CPU
		{BCA0283A-81DF-4E46-8F7D-2DDE8B07C211}.Debug|Any CPU.ActiveCfg = Debug|Any CPU
		{BCA0283A-81DF-4E46-8F7D-2DDE8B07C211}.Debug|Any CPU.Build.0 = Debug|Any CPU
		{BCA0283A-81DF-4E46-8F7D-2DDE8B07C211}.Release|Any CPU.ActiveCfg = Release|Any CPU
		{BCA0283A-81DF-4E46-8F7D-2DDE8B07C211}.Release|Any CPU.Build.0 = Release|Any CPU
		{FD696BF0-4D9A-40A6-8FEA-E65583341521}.Debug|Any CPU.ActiveCfg = Debug|Any CPU
		{FD696BF0-4D9A-40A6-8FEA-E65583341521}.Debug|Any CPU.Build.0 = Debug|Any CPU
		{FD696BF0-4D9A-40A6-8FEA-E65583341521}.Release|Any CPU.ActiveCfg = Release|Any CPU
		{FD696BF0-4D9A-40A6-8FEA-E65583341521}.Release|Any CPU.Build.0 = Release|Any CPU
		{156FD0A3-F1BD-457F-ABEA-C74659466200}.Debug|Any CPU.ActiveCfg = Debug|Any CPU
		{156FD0A3-F1BD-457F-ABEA-C74659466200}.Debug|Any CPU.Build.0 = Debug|Any CPU
		{156FD0A3-F1BD-457F-ABEA-C74659466200}.Release|Any CPU.ActiveCfg = Release|Any CPU
		{156FD0A3-F1BD-457F-ABEA-C74659466200}.Release|Any CPU.Build.0 = Release|Any CPU
		{FED2E3B6-F278-4680-8820-E5CA31350EF0}.Debug|Any CPU.ActiveCfg = Debug|Any CPU
		{FED2E3B6-F278-4680-8820-E5CA31350EF0}.Debug|Any CPU.Build.0 = Debug|Any CPU
		{FED2E3B6-F278-4680-8820-E5CA31350EF0}.Release|Any CPU.ActiveCfg = Release|Any CPU
		{FED2E3B6-F278-4680-8820-E5CA31350EF0}.Release|Any CPU.Build.0 = Release|Any CPU
		{F0058E76-8AA5-4EA5-8B9D-525B1800CD4D}.Debug|Any CPU.ActiveCfg = Debug|Any CPU
		{F0058E76-8AA5-4EA5-8B9D-525B1800CD4D}.Debug|Any CPU.Build.0 = Debug|Any CPU
		{F0058E76-8AA5-4EA5-8B9D-525B1800CD4D}.Release|Any CPU.ActiveCfg = Release|Any CPU
		{F0058E76-8AA5-4EA5-8B9D-525B1800CD4D}.Release|Any CPU.Build.0 = Release|Any CPU
		{6E925F73-CE7B-4A80-B394-0E07668D1CE5}.Debug|Any CPU.ActiveCfg = Debug|Any CPU
		{6E925F73-CE7B-4A80-B394-0E07668D1CE5}.Debug|Any CPU.Build.0 = Debug|Any CPU
		{6E925F73-CE7B-4A80-B394-0E07668D1CE5}.Release|Any CPU.ActiveCfg = Release|Any CPU
		{6E925F73-CE7B-4A80-B394-0E07668D1CE5}.Release|Any CPU.Build.0 = Release|Any CPU
		{CEE3A88C-BE50-434A-84C2-6974CA8C298A}.Debug|Any CPU.ActiveCfg = Debug|Any CPU
		{CEE3A88C-BE50-434A-84C2-6974CA8C298A}.Debug|Any CPU.Build.0 = Debug|Any CPU
		{CEE3A88C-BE50-434A-84C2-6974CA8C298A}.Release|Any CPU.ActiveCfg = Release|Any CPU
		{CEE3A88C-BE50-434A-84C2-6974CA8C298A}.Release|Any CPU.Build.0 = Release|Any CPU
		{A25627CD-02D0-4422-B5B3-BAA780225223}.Debug|Any CPU.ActiveCfg = Debug|Any CPU
		{A25627CD-02D0-4422-B5B3-BAA780225223}.Debug|Any CPU.Build.0 = Debug|Any CPU
		{A25627CD-02D0-4422-B5B3-BAA780225223}.Release|Any CPU.ActiveCfg = Release|Any CPU
		{A25627CD-02D0-4422-B5B3-BAA780225223}.Release|Any CPU.Build.0 = Release|Any CPU
		{F4E0633F-0058-4B1D-9F43-DCB38C2168CA}.Debug|Any CPU.ActiveCfg = Debug|Any CPU
		{F4E0633F-0058-4B1D-9F43-DCB38C2168CA}.Debug|Any CPU.Build.0 = Debug|Any CPU
		{F4E0633F-0058-4B1D-9F43-DCB38C2168CA}.Release|Any CPU.ActiveCfg = Release|Any CPU
		{F4E0633F-0058-4B1D-9F43-DCB38C2168CA}.Release|Any CPU.Build.0 = Release|Any CPU
		{0E8614AC-A523-48F7-AAE6-6447817F771E}.Debug|Any CPU.ActiveCfg = Debug|Any CPU
		{0E8614AC-A523-48F7-AAE6-6447817F771E}.Debug|Any CPU.Build.0 = Debug|Any CPU
		{0E8614AC-A523-48F7-AAE6-6447817F771E}.Release|Any CPU.ActiveCfg = Release|Any CPU
		{0E8614AC-A523-48F7-AAE6-6447817F771E}.Release|Any CPU.Build.0 = Release|Any CPU
		{529F90CD-B745-4E2C-B3F5-B8C593CE95A4}.Debug|Any CPU.ActiveCfg = Debug|Any CPU
		{529F90CD-B745-4E2C-B3F5-B8C593CE95A4}.Debug|Any CPU.Build.0 = Debug|Any CPU
		{529F90CD-B745-4E2C-B3F5-B8C593CE95A4}.Release|Any CPU.ActiveCfg = Release|Any CPU
		{529F90CD-B745-4E2C-B3F5-B8C593CE95A4}.Release|Any CPU.Build.0 = Release|Any CPU
		{7C4DBB08-15B3-4BFD-B691-2C7E3DCDD080}.Debug|Any CPU.ActiveCfg = Debug|Any CPU
		{7C4DBB08-15B3-4BFD-B691-2C7E3DCDD080}.Debug|Any CPU.Build.0 = Debug|Any CPU
		{7C4DBB08-15B3-4BFD-B691-2C7E3DCDD080}.Release|Any CPU.ActiveCfg = Release|Any CPU
		{7C4DBB08-15B3-4BFD-B691-2C7E3DCDD080}.Release|Any CPU.Build.0 = Release|Any CPU
		{0629A2C4-E6AD-4487-9496-903899D5F20E}.Debug|Any CPU.ActiveCfg = Debug|Any CPU
		{0629A2C4-E6AD-4487-9496-903899D5F20E}.Debug|Any CPU.Build.0 = Debug|Any CPU
		{0629A2C4-E6AD-4487-9496-903899D5F20E}.Release|Any CPU.ActiveCfg = Release|Any CPU
		{0629A2C4-E6AD-4487-9496-903899D5F20E}.Release|Any CPU.Build.0 = Release|Any CPU
		{588580C2-E506-4356-92F8-F99C8E120E0A}.Debug|Any CPU.ActiveCfg = Debug|Any CPU
		{588580C2-E506-4356-92F8-F99C8E120E0A}.Debug|Any CPU.Build.0 = Debug|Any CPU
		{588580C2-E506-4356-92F8-F99C8E120E0A}.Release|Any CPU.ActiveCfg = Release|Any CPU
		{588580C2-E506-4356-92F8-F99C8E120E0A}.Release|Any CPU.Build.0 = Release|Any CPU
		{42D33785-CF97-4DBC-9E12-3E9C819741FD}.Debug|Any CPU.ActiveCfg = Debug|Any CPU
		{42D33785-CF97-4DBC-9E12-3E9C819741FD}.Debug|Any CPU.Build.0 = Debug|Any CPU
		{42D33785-CF97-4DBC-9E12-3E9C819741FD}.Release|Any CPU.ActiveCfg = Release|Any CPU
		{42D33785-CF97-4DBC-9E12-3E9C819741FD}.Release|Any CPU.Build.0 = Release|Any CPU
	EndGlobalSection
	GlobalSection(NestedProjects) = preSolution
		{70903654-8E34-4F7B-BEA6-557745B8B46B} = {7A91191A-6A1F-498A-B50B-E2F88E3D011E}
		{CD2FEB68-B5F2-4E80-9E98-9D2CC3893FC3} = {70903654-8E34-4F7B-BEA6-557745B8B46B}
		{3B4F0FF6-DE8E-498A-9C04-4E71B1C0671E} = {CD2FEB68-B5F2-4E80-9E98-9D2CC3893FC3}
		{BCA0283A-81DF-4E46-8F7D-2DDE8B07C211} = {CD2FEB68-B5F2-4E80-9E98-9D2CC3893FC3}
		{FD696BF0-4D9A-40A6-8FEA-E65583341521} = {CD2FEB68-B5F2-4E80-9E98-9D2CC3893FC3}
		{9587B050-61E5-4C3C-B594-C9772FA7B446} = {70903654-8E34-4F7B-BEA6-557745B8B46B}
		{156FD0A3-F1BD-457F-ABEA-C74659466200} = {9587B050-61E5-4C3C-B594-C9772FA7B446}
		{FED2E3B6-F278-4680-8820-E5CA31350EF0} = {9587B050-61E5-4C3C-B594-C9772FA7B446}
		{F0058E76-8AA5-4EA5-8B9D-525B1800CD4D} = {9587B050-61E5-4C3C-B594-C9772FA7B446}
		{18EA5C50-1892-445C-B63B-D48BC23C849B} = {70903654-8E34-4F7B-BEA6-557745B8B46B}
		{6E925F73-CE7B-4A80-B394-0E07668D1CE5} = {18EA5C50-1892-445C-B63B-D48BC23C849B}
		{897C3938-5192-4B8F-A63E-8D7895A524E6} = {70903654-8E34-4F7B-BEA6-557745B8B46B}
		{CEE3A88C-BE50-434A-84C2-6974CA8C298A} = {897C3938-5192-4B8F-A63E-8D7895A524E6}
		{A25627CD-02D0-4422-B5B3-BAA780225223} = {897C3938-5192-4B8F-A63E-8D7895A524E6}
		{F4E0633F-0058-4B1D-9F43-DCB38C2168CA} = {897C3938-5192-4B8F-A63E-8D7895A524E6}
		{0E8614AC-A523-48F7-AAE6-6447817F771E} = {897C3938-5192-4B8F-A63E-8D7895A524E6}
		{529F90CD-B745-4E2C-B3F5-B8C593CE95A4} = {897C3938-5192-4B8F-A63E-8D7895A524E6}
		{7C4DBB08-15B3-4BFD-B691-2C7E3DCDD080} = {897C3938-5192-4B8F-A63E-8D7895A524E6}
		{0629A2C4-E6AD-4487-9496-903899D5F20E} = {897C3938-5192-4B8F-A63E-8D7895A524E6}
		{B3683AEA-6D0B-4C25-B12F-1D598AB3E60D} = {70903654-8E34-4F7B-BEA6-557745B8B46B}
		{588580C2-E506-4356-92F8-F99C8E120E0A} = {B3683AEA-6D0B-4C25-B12F-1D598AB3E60D}
		{7E013A49-E42B-4D14-BED1-5156C9542071} = {70903654-8E34-4F7B-BEA6-557745B8B46B}
		{42D33785-CF97-4DBC-9E12-3E9C819741FD} = {7E013A49-E42B-4D14-BED1-5156C9542071}
	EndGlobalSection
EndGlobal
