
Microsoft Visual Studio Solution File, Format Version 12.00
# Visual Studio Version 17
VisualStudioVersion = 17.0.31903.59
MinimumVisualStudioVersion = 10.0.40219.1
Project("{2150E333-8FDC-42A3-9474-1A3956D46DE8}") = "Services", "Services", "{2CC430E8-155E-4790-8E8C-1D00C6BB7A14}"
EndProject
Project("{2150E333-8FDC-42A3-9474-1A3956D46DE8}") = "Catalog", "Catalog", "{B97A73B3-1816-4D9D-A067-DE1FC07988C8}"
EndProject
Project("{FAE04EC0-301F-11D3-BF4B-00C04F79EFBC}") = "Catalog.API", "Services\Catalog\Catalog.API\Catalog.API.csproj", "{5644BED7-7FD0-45AC-A591-AACA4508A590}"
EndProject
Project("{2150E333-8FDC-42A3-9474-1A3956D46DE8}") = "BuildingBlocks", "BuildingBlocks", "{1EF4807D-7C6A-45A1-86DA-6D3D1B5CCD49}"
EndProject
Project("{2150E333-8FDC-42A3-9474-1A3956D46DE8}") = "EventBus", "EventBus", "{B6FFA0B3-A859-44B7-9916-C3AA1959C1E8}"
EndProject
Project("{FAE04EC0-301F-11D3-BF4B-00C04F79EFBC}") = "EventBus", "BuildingBlocks\EventBus\EventBus\EventBus.csproj", "{7CAF4139-B793-4336-BEF3-A93371AE74D0}"
EndProject
Project("{FAE04EC0-301F-11D3-BF4B-00C04F79EFBC}") = "EventBus.UnitTests", "BuildingBlocks\EventBus\EventBus.UnitTests\EventBus.UnitTests.csproj", "{998F32EC-B554-4FEF-B9FF-23089851FBD4}"
EndProject
Project("{FAE04EC0-301F-11D3-BF4B-00C04F79EFBC}") = "EventBusRabbitMQ", "BuildingBlocks\EventBus\EventBusRabbitMQ\EventBusRabbitMQ.csproj", "{47B91E6B-A62E-4BFB-A306-AF8FB683F0CD}"
EndProject
Project("{FAE04EC0-301F-11D3-BF4B-00C04F79EFBC}") = "IntegrationEventLogEF", "BuildingBlocks\EventBus\IntegrationEventLogEF\IntegrationEventLogEF.csproj", "{EC862054-C5E9-4E3B-897A-2B821168060C}"
EndProject
Project("{2150E333-8FDC-42A3-9474-1A3956D46DE8}") = "Ordering", "Ordering", "{9C0B2A94-72D2-479C-A72B-EA29390BD852}"
EndProject
Project("{FAE04EC0-301F-11D3-BF4B-00C04F79EFBC}") = "Ordering.Domain", "Services\Ordering\Ordering.Domain\Ordering.Domain.csproj", "{56390158-726B-468B-B420-839D8EFA3F07}"
EndProject
Project("{FAE04EC0-301F-11D3-BF4B-00C04F79EFBC}") = "Ordering.Infrastructure", "Services\Ordering\Ordering.Infrastructure\Ordering.Infrastructure.csproj", "{0B322683-631F-4B5F-8C53-FCB14D91D34E}"
EndProject
Global
	GlobalSection(SolutionConfigurationPlatforms) = preSolution
		Debug|Any CPU = Debug|Any CPU
		Release|Any CPU = Release|Any CPU
	EndGlobalSection
	GlobalSection(SolutionProperties) = preSolution
		HideSolutionNode = FALSE
	EndGlobalSection
	GlobalSection(ProjectConfigurationPlatforms) = postSolution
		{5644BED7-7FD0-45AC-A591-AACA4508A590}.Debug|Any CPU.ActiveCfg = Debug|Any CPU
		{5644BED7-7FD0-45AC-A591-AACA4508A590}.Debug|Any CPU.Build.0 = Debug|Any CPU
		{5644BED7-7FD0-45AC-A591-AACA4508A590}.Release|Any CPU.ActiveCfg = Release|Any CPU
		{5644BED7-7FD0-45AC-A591-AACA4508A590}.Release|Any CPU.Build.0 = Release|Any CPU
		{7CAF4139-B793-4336-BEF3-A93371AE74D0}.Debug|Any CPU.ActiveCfg = Debug|Any CPU
		{7CAF4139-B793-4336-BEF3-A93371AE74D0}.Debug|Any CPU.Build.0 = Debug|Any CPU
		{7CAF4139-B793-4336-BEF3-A93371AE74D0}.Release|Any CPU.ActiveCfg = Release|Any CPU
		{7CAF4139-B793-4336-BEF3-A93371AE74D0}.Release|Any CPU.Build.0 = Release|Any CPU
		{998F32EC-B554-4FEF-B9FF-23089851FBD4}.Debug|Any CPU.ActiveCfg = Debug|Any CPU
		{998F32EC-B554-4FEF-B9FF-23089851FBD4}.Debug|Any CPU.Build.0 = Debug|Any CPU
		{998F32EC-B554-4FEF-B9FF-23089851FBD4}.Release|Any CPU.ActiveCfg = Release|Any CPU
		{998F32EC-B554-4FEF-B9FF-23089851FBD4}.Release|Any CPU.Build.0 = Release|Any CPU
		{47B91E6B-A62E-4BFB-A306-AF8FB683F0CD}.Debug|Any CPU.ActiveCfg = Debug|Any CPU
		{47B91E6B-A62E-4BFB-A306-AF8FB683F0CD}.Debug|Any CPU.Build.0 = Debug|Any CPU
		{47B91E6B-A62E-4BFB-A306-AF8FB683F0CD}.Release|Any CPU.ActiveCfg = Release|Any CPU
		{47B91E6B-A62E-4BFB-A306-AF8FB683F0CD}.Release|Any CPU.Build.0 = Release|Any CPU
		{EC862054-C5E9-4E3B-897A-2B821168060C}.Debug|Any CPU.ActiveCfg = Debug|Any CPU
		{EC862054-C5E9-4E3B-897A-2B821168060C}.Debug|Any CPU.Build.0 = Debug|Any CPU
		{EC862054-C5E9-4E3B-897A-2B821168060C}.Release|Any CPU.ActiveCfg = Release|Any CPU
		{EC862054-C5E9-4E3B-897A-2B821168060C}.Release|Any CPU.Build.0 = Release|Any CPU
		{56390158-726B-468B-B420-839D8EFA3F07}.Debug|Any CPU.ActiveCfg = Debug|Any CPU
		{56390158-726B-468B-B420-839D8EFA3F07}.Debug|Any CPU.Build.0 = Debug|Any CPU
		{56390158-726B-468B-B420-839D8EFA3F07}.Release|Any CPU.ActiveCfg = Release|Any CPU
		{56390158-726B-468B-B420-839D8EFA3F07}.Release|Any CPU.Build.0 = Release|Any CPU
		{0B322683-631F-4B5F-8C53-FCB14D91D34E}.Debug|Any CPU.ActiveCfg = Debug|Any CPU
		{0B322683-631F-4B5F-8C53-FCB14D91D34E}.Debug|Any CPU.Build.0 = Debug|Any CPU
		{0B322683-631F-4B5F-8C53-FCB14D91D34E}.Release|Any CPU.ActiveCfg = Release|Any CPU
		{0B322683-631F-4B5F-8C53-FCB14D91D34E}.Release|Any CPU.Build.0 = Release|Any CPU
	EndGlobalSection
	GlobalSection(NestedProjects) = preSolution
		{B97A73B3-1816-4D9D-A067-DE1FC07988C8} = {2CC430E8-155E-4790-8E8C-1D00C6BB7A14}
		{5644BED7-7FD0-45AC-A591-AACA4508A590} = {B97A73B3-1816-4D9D-A067-DE1FC07988C8}
		{B6FFA0B3-A859-44B7-9916-C3AA1959C1E8} = {1EF4807D-7C6A-45A1-86DA-6D3D1B5CCD49}
		{7CAF4139-B793-4336-BEF3-A93371AE74D0} = {B6FFA0B3-A859-44B7-9916-C3AA1959C1E8}
		{998F32EC-B554-4FEF-B9FF-23089851FBD4} = {B6FFA0B3-A859-44B7-9916-C3AA1959C1E8}
		{47B91E6B-A62E-4BFB-A306-AF8FB683F0CD} = {B6FFA0B3-A859-44B7-9916-C3AA1959C1E8}
		{EC862054-C5E9-4E3B-897A-2B821168060C} = {B6FFA0B3-A859-44B7-9916-C3AA1959C1E8}
		{9C0B2A94-72D2-479C-A72B-EA29390BD852} = {2CC430E8-155E-4790-8E8C-1D00C6BB7A14}
		{56390158-726B-468B-B420-839D8EFA3F07} = {9C0B2A94-72D2-479C-A72B-EA29390BD852}
		{0B322683-631F-4B5F-8C53-FCB14D91D34E} = {9C0B2A94-72D2-479C-A72B-EA29390BD852}
	EndGlobalSection
EndGlobal
